
Microsoft Visual Studio Solution File, Format Version 12.00
# Visual Studio 15
VisualStudioVersion = 15.0.28307.106
MinimumVisualStudioVersion = 10.0.40219.1
Project("{FAE04EC0-301F-11D3-BF4B-00C04F79EFBC}") = "SirtCantasi", "SirtCantasi\SirtCantasi.csproj", "{53E7D8A8-606E-4116-BA5F-11865AD81B91}"
EndProject
Global
	GlobalSection(SolutionConfigurationPlatforms) = preSolution
		Debug|Any CPU = Debug|Any CPU
		Release|Any CPU = Release|Any CPU
	EndGlobalSection
	GlobalSection(ProjectConfigurationPlatforms) = postSolution
		{53E7D8A8-606E-4116-BA5F-11865AD81B91}.Debug|Any CPU.ActiveCfg = Debug|Any CPU
		{53E7D8A8-606E-4116-BA5F-11865AD81B91}.Debug|Any CPU.Build.0 = Debug|Any CPU
		{53E7D8A8-606E-4116-BA5F-11865AD81B91}.Release|Any CPU.ActiveCfg = Release|Any CPU
		{53E7D8A8-606E-4116-BA5F-11865AD81B91}.Release|Any CPU.Build.0 = Release|Any CPU
	EndGlobalSection
	GlobalSection(SolutionProperties) = preSolution
		HideSolutionNode = FALSE
	EndGlobalSection
	GlobalSection(ExtensibilityGlobals) = postSolution
		SolutionGuid = {8558945E-1E97-44FD-B7FA-13D5A22ACEB0}
	EndGlobalSection
EndGlobal
